// !$*UTF8*$!
{
	archiveVersion = 1;
	classes = {
	};
	objectVersion = 56;
	objects = {

/* Begin PBXBuildFile section */
		F670D45F2B15DE7A00533767 /* TrackStyle.swift in Sources */ = {isa = PBXBuildFile; fileRef = F670D45E2B15DE7A00533767 /* TrackStyle.swift */; };
		F679BBC22AE6BA590002BCBC /* JSONManager.swift in Sources */ = {isa = PBXBuildFile; fileRef = F679BBC12AE6BA590002BCBC /* JSONManager.swift */; };
		F6BA6E252AE0029400290016 /* DrakeApp.swift in Sources */ = {isa = PBXBuildFile; fileRef = F6BA6E242AE0029400290016 /* DrakeApp.swift */; };
		F6BA6E272AE0029400290016 /* ContentView.swift in Sources */ = {isa = PBXBuildFile; fileRef = F6BA6E262AE0029400290016 /* ContentView.swift */; };
		F6BA6E292AE0029600290016 /* Assets.xcassets in Resources */ = {isa = PBXBuildFile; fileRef = F6BA6E282AE0029600290016 /* Assets.xcassets */; };
		F6BA6E2C2AE0029600290016 /* Preview Assets.xcassets in Resources */ = {isa = PBXBuildFile; fileRef = F6BA6E2B2AE0029600290016 /* Preview Assets.xcassets */; };
		F6BA6E3D2AE00B2C00290016 /* SetView.swift in Sources */ = {isa = PBXBuildFile; fileRef = F6BA6E3C2AE00B2C00290016 /* SetView.swift */; };
		F6BA6E412AE00B4E00290016 /* SecondView.swift in Sources */ = {isa = PBXBuildFile; fileRef = F6BA6E402AE00B4E00290016 /* SecondView.swift */; };
		F6BA6E432AE00B5D00290016 /* RankView.swift in Sources */ = {isa = PBXBuildFile; fileRef = F6BA6E422AE00B5D00290016 /* RankView.swift */; };
		F6BA6E462AE0147E00290016 /* Tracks.json in Resources */ = {isa = PBXBuildFile; fileRef = F6BA6E452AE0147E00290016 /* Tracks.json */; };
		F6C0CEC42B1F3C3E00FCA75C /* randomSong .swift in Sources */ = {isa = PBXBuildFile; fileRef = F6C0CEC32B1F3C3E00FCA75C /* randomSong .swift */; };
		F6F1A5C62B45C088002EB55F /* DataModel.xcdatamodeld in Sources */ = {isa = PBXBuildFile; fileRef = F6F1A5C42B45C088002EB55F /* DataModel.xcdatamodeld */; };
		F6F1A5CA2B45C21D002EB55F /* DataManager.swift in Sources */ = {isa = PBXBuildFile; fileRef = F6F1A5C92B45C21D002EB55F /* DataManager.swift */; };
/* End PBXBuildFile section */

/* Begin PBXFileReference section */
		F670D45E2B15DE7A00533767 /* TrackStyle.swift */ = {isa = PBXFileReference; lastKnownFileType = sourcecode.swift; path = TrackStyle.swift; sourceTree = "<group>"; };
		F679BBC12AE6BA590002BCBC /* JSONManager.swift */ = {isa = PBXFileReference; lastKnownFileType = sourcecode.swift; path = JSONManager.swift; sourceTree = "<group>"; };
		F6BA6E212AE0029400290016 /* Drake.app */ = {isa = PBXFileReference; explicitFileType = wrapper.application; includeInIndex = 0; path = Drake.app; sourceTree = BUILT_PRODUCTS_DIR; };
		F6BA6E242AE0029400290016 /* DrakeApp.swift */ = {isa = PBXFileReference; lastKnownFileType = sourcecode.swift; path = DrakeApp.swift; sourceTree = "<group>"; };
		F6BA6E262AE0029400290016 /* ContentView.swift */ = {isa = PBXFileReference; lastKnownFileType = sourcecode.swift; path = ContentView.swift; sourceTree = "<group>"; };
		F6BA6E282AE0029600290016 /* Assets.xcassets */ = {isa = PBXFileReference; lastKnownFileType = folder.assetcatalog; path = Assets.xcassets; sourceTree = "<group>"; };
		F6BA6E2B2AE0029600290016 /* Preview Assets.xcassets */ = {isa = PBXFileReference; lastKnownFileType = folder.assetcatalog; path = "Preview Assets.xcassets"; sourceTree = "<group>"; };
		F6BA6E3C2AE00B2C00290016 /* SetView.swift */ = {isa = PBXFileReference; lastKnownFileType = sourcecode.swift; path = SetView.swift; sourceTree = "<group>"; };
		F6BA6E402AE00B4E00290016 /* SecondView.swift */ = {isa = PBXFileReference; lastKnownFileType = sourcecode.swift; path = SecondView.swift; sourceTree = "<group>"; };
		F6BA6E422AE00B5D00290016 /* RankView.swift */ = {isa = PBXFileReference; lastKnownFileType = sourcecode.swift; path = RankView.swift; sourceTree = "<group>"; };
		F6BA6E452AE0147E00290016 /* Tracks.json */ = {isa = PBXFileReference; lastKnownFileType = text.json; path = Tracks.json; sourceTree = "<group>"; };
		F6C0CEC32B1F3C3E00FCA75C /* randomSong .swift */ = {isa = PBXFileReference; lastKnownFileType = sourcecode.swift; path = "randomSong .swift"; sourceTree = "<group>"; };
		F6F1A5C52B45C088002EB55F /* DataModel.xcdatamodel */ = {isa = PBXFileReference; lastKnownFileType = wrapper.xcdatamodel; path = DataModel.xcdatamodel; sourceTree = "<group>"; };
		F6F1A5C92B45C21D002EB55F /* DataManager.swift */ = {isa = PBXFileReference; lastKnownFileType = sourcecode.swift; path = DataManager.swift; sourceTree = "<group>"; };
/* End PBXFileReference section */

/* Begin PBXFrameworksBuildPhase section */
		F6BA6E1E2AE0029400290016 /* Frameworks */ = {
			isa = PBXFrameworksBuildPhase;
			buildActionMask = 2147483647;
			files = (
			);
			runOnlyForDeploymentPostprocessing = 0;
		};
/* End PBXFrameworksBuildPhase section */

/* Begin PBXGroup section */
		F6BA6E182AE0029400290016 = {
			isa = PBXGroup;
			children = (
				F6BA6E232AE0029400290016 /* Drake */,
				F6BA6E222AE0029400290016 /* Products */,
			);
			sourceTree = "<group>";
		};
		F6BA6E222AE0029400290016 /* Products */ = {
			isa = PBXGroup;
			children = (
				F6BA6E212AE0029400290016 /* Drake.app */,
			);
			name = Products;
			sourceTree = "<group>";
		};
		F6BA6E232AE0029400290016 /* Drake */ = {
			isa = PBXGroup;
			children = (
				F6BA6E442AE00BD500290016 /* View */,
				F6BA6E242AE0029400290016 /* DrakeApp.swift */,
				F6BA6E282AE0029600290016 /* Assets.xcassets */,
				F6BA6E2A2AE0029600290016 /* Preview Content */,
			);
			path = Drake;
			sourceTree = "<group>";
		};
		F6BA6E2A2AE0029600290016 /* Preview Content */ = {
			isa = PBXGroup;
			children = (
				F679BBC12AE6BA590002BCBC /* JSONManager.swift */,
				F6BA6E2B2AE0029600290016 /* Preview Assets.xcassets */,
				F6BA6E452AE0147E00290016 /* Tracks.json */,
			);
			path = "Preview Content";
			sourceTree = "<group>";
		};
		F6BA6E442AE00BD500290016 /* View */ = {
			isa = PBXGroup;
			children = (
				F6BA6E262AE0029400290016 /* ContentView.swift */,
				F6BA6E3C2AE00B2C00290016 /* SetView.swift */,
				F6BA6E402AE00B4E00290016 /* SecondView.swift */,
				F6F1A5C42B45C088002EB55F /* DataModel.xcdatamodeld */,
				F6F1A5C92B45C21D002EB55F /* DataManager.swift */,
				F670D45E2B15DE7A00533767 /* TrackStyle.swift */,
				F6C0CEC32B1F3C3E00FCA75C /* randomSong .swift */,
				F6BA6E422AE00B5D00290016 /* RankView.swift */,
			);
			path = View;
			sourceTree = "<group>";
		};
/* End PBXGroup section */

/* Begin PBXNativeTarget section */
		F6BA6E202AE0029400290016 /* Drake */ = {
			isa = PBXNativeTarget;
			buildConfigurationList = F6BA6E2F2AE0029600290016 /* Build configuration list for PBXNativeTarget "Drake" */;
			buildPhases = (
				F6BA6E1D2AE0029400290016 /* Sources */,
				F6BA6E1E2AE0029400290016 /* Frameworks */,
				F6BA6E1F2AE0029400290016 /* Resources */,
			);
			buildRules = (
			);
			dependencies = (
			);
			name = Drake;
			productName = Drake;
			productReference = F6BA6E212AE0029400290016 /* Drake.app */;
			productType = "com.apple.product-type.application";
		};
/* End PBXNativeTarget section */

/* Begin PBXProject section */
		F6BA6E192AE0029400290016 /* Project object */ = {
			isa = PBXProject;
			attributes = {
				BuildIndependentTargetsInParallel = 1;
				LastSwiftUpdateCheck = 1500;
				LastUpgradeCheck = 1500;
				TargetAttributes = {
					F6BA6E202AE0029400290016 = {
						CreatedOnToolsVersion = 15.0;
					};
				};
			};
			buildConfigurationList = F6BA6E1C2AE0029400290016 /* Build configuration list for PBXProject "Drake" */;
			compatibilityVersion = "Xcode 14.0";
			developmentRegion = en;
			hasScannedForEncodings = 0;
			knownRegions = (
				en,
				Base,
			);
			mainGroup = F6BA6E182AE0029400290016;
			productRefGroup = F6BA6E222AE0029400290016 /* Products */;
			projectDirPath = "";
			projectRoot = "";
			targets = (
				F6BA6E202AE0029400290016 /* Drake */,
			);
		};
/* End PBXProject section */

/* Begin PBXResourcesBuildPhase section */
		F6BA6E1F2AE0029400290016 /* Resources */ = {
			isa = PBXResourcesBuildPhase;
			buildActionMask = 2147483647;
			files = (
				F6BA6E2C2AE0029600290016 /* Preview Assets.xcassets in Resources */,
				F6BA6E292AE0029600290016 /* Assets.xcassets in Resources */,
				F6BA6E462AE0147E00290016 /* Tracks.json in Resources */,
			);
			runOnlyForDeploymentPostprocessing = 0;
		};
/* End PBXResourcesBuildPhase section */

/* Begin PBXSourcesBuildPhase section */
		F6BA6E1D2AE0029400290016 /* Sources */ = {
			isa = PBXSourcesBuildPhase;
			buildActionMask = 2147483647;
			files = (
				F670D45F2B15DE7A00533767 /* TrackStyle.swift in Sources */,
				F6F1A5CA2B45C21D002EB55F /* DataManager.swift in Sources */,
				F679BBC22AE6BA590002BCBC /* JSONManager.swift in Sources */,
				F6BA6E432AE00B5D00290016 /* RankView.swift in Sources */,
				F6BA6E412AE00B4E00290016 /* SecondView.swift in Sources */,
				F6BA6E3D2AE00B2C00290016 /* SetView.swift in Sources */,
				F6BA6E272AE0029400290016 /* ContentView.swift in Sources */,
				F6F1A5C62B45C088002EB55F /* DataModel.xcdatamodeld in Sources */,
				F6C0CEC42B1F3C3E00FCA75C /* randomSong .swift in Sources */,
				F6BA6E252AE0029400290016 /* DrakeApp.swift in Sources */,
			);
			runOnlyForDeploymentPostprocessing = 0;
		};
/* End PBXSourcesBuildPhase section */

/* Begin XCBuildConfiguration section */
		F6BA6E2D2AE0029600290016 /* Debug */ = {
			isa = XCBuildConfiguration;
			buildSettings = {
				ALWAYS_SEARCH_USER_PATHS = NO;
				ASSETCATALOG_COMPILER_GENERATE_SWIFT_ASSET_SYMBOL_EXTENSIONS = YES;
				CLANG_ANALYZER_NONNULL = YES;
				CLANG_ANALYZER_NUMBER_OBJECT_CONVERSION = YES_AGGRESSIVE;
				CLANG_CXX_LANGUAGE_STANDARD = "gnu++20";
				CLANG_ENABLE_MODULES = YES;
				CLANG_ENABLE_OBJC_ARC = YES;
				CLANG_ENABLE_OBJC_WEAK = YES;
				CLANG_WARN_BLOCK_CAPTURE_AUTORELEASING = YES;
				CLANG_WARN_BOOL_CONVERSION = YES;
				CLANG_WARN_COMMA = YES;
				CLANG_WARN_CONSTANT_CONVERSION = YES;
				CLANG_WARN_DEPRECATED_OBJC_IMPLEMENTATIONS = YES;
				CLANG_WARN_DIRECT_OBJC_ISA_USAGE = YES_ERROR;
				CLANG_WARN_DOCUMENTATION_COMMENTS = YES;
				CLANG_WARN_EMPTY_BODY = YES;
				CLANG_WARN_ENUM_CONVERSION = YES;
				CLANG_WARN_INFINITE_RECURSION = YES;
				CLANG_WARN_INT_CONVERSION = YES;
				CLANG_WARN_NON_LITERAL_NULL_CONVERSION = YES;
				CLANG_WARN_OBJC_IMPLICIT_RETAIN_SELF = YES;
				CLANG_WARN_OBJC_LITERAL_CONVERSION = YES;
				CLANG_WARN_OBJC_ROOT_CLASS = YES_ERROR;
				CLANG_WARN_QUOTED_INCLUDE_IN_FRAMEWORK_HEADER = YES;
				CLANG_WARN_RANGE_LOOP_ANALYSIS = YES;
				CLANG_WARN_STRICT_PROTOTYPES = YES;
				CLANG_WARN_SUSPICIOUS_MOVE = YES;
				CLANG_WARN_UNGUARDED_AVAILABILITY = YES_AGGRESSIVE;
				CLANG_WARN_UNREACHABLE_CODE = YES;
				CLANG_WARN__DUPLICATE_METHOD_MATCH = YES;
				COPY_PHASE_STRIP = NO;
				DEBUG_INFORMATION_FORMAT = dwarf;
				ENABLE_STRICT_OBJC_MSGSEND = YES;
				ENABLE_TESTABILITY = YES;
				ENABLE_USER_SCRIPT_SANDBOXING = YES;
				GCC_C_LANGUAGE_STANDARD = gnu17;
				GCC_DYNAMIC_NO_PIC = NO;
				GCC_NO_COMMON_BLOCKS = YES;
				GCC_OPTIMIZATION_LEVEL = 0;
				GCC_PREPROCESSOR_DEFINITIONS = (
					"DEBUG=1",
					"$(inherited)",
				);
				GCC_WARN_64_TO_32_BIT_CONVERSION = YES;
				GCC_WARN_ABOUT_RETURN_TYPE = YES_ERROR;
				GCC_WARN_UNDECLARED_SELECTOR = YES;
				GCC_WARN_UNINITIALIZED_AUTOS = YES_AGGRESSIVE;
				GCC_WARN_UNUSED_FUNCTION = YES;
				GCC_WARN_UNUSED_VARIABLE = YES;
				IPHONEOS_DEPLOYMENT_TARGET = 17.0;
				LOCALIZATION_PREFERS_STRING_CATALOGS = YES;
				MTL_ENABLE_DEBUG_INFO = INCLUDE_SOURCE;
				MTL_FAST_MATH = YES;
				ONLY_ACTIVE_ARCH = YES;
				SDKROOT = iphoneos;
				SWIFT_ACTIVE_COMPILATION_CONDITIONS = "DEBUG $(inherited)";
				SWIFT_OPTIMIZATION_LEVEL = "-Onone";
			};
			name = Debug;
		};
		F6BA6E2E2AE0029600290016 /* Release */ = {
			isa = XCBuildConfiguration;
			buildSettings = {
				ALWAYS_SEARCH_USER_PATHS = NO;
				ASSETCATALOG_COMPILER_GENERATE_SWIFT_ASSET_SYMBOL_EXTENSIONS = YES;
				CLANG_ANALYZER_NONNULL = YES;
				CLANG_ANALYZER_NUMBER_OBJECT_CONVERSION = YES_AGGRESSIVE;
				CLANG_CXX_LANGUAGE_STANDARD = "gnu++20";
				CLANG_ENABLE_MODULES = YES;
				CLANG_ENABLE_OBJC_ARC = YES;
				CLANG_ENABLE_OBJC_WEAK = YES;
				CLANG_WARN_BLOCK_CAPTURE_AUTORELEASING = YES;
				CLANG_WARN_BOOL_CONVERSION = YES;
				CLANG_WARN_COMMA = YES;
				CLANG_WARN_CONSTANT_CONVERSION = YES;
				CLANG_WARN_DEPRECATED_OBJC_IMPLEMENTATIONS = YES;
				CLANG_WARN_DIRECT_OBJC_ISA_USAGE = YES_ERROR;
				CLANG_WARN_DOCUMENTATION_COMMENTS = YES;
				CLANG_WARN_EMPTY_BODY = YES;
				CLANG_WARN_ENUM_CONVERSION = YES;
				CLANG_WARN_INFINITE_RECURSION = YES;
				CLANG_WARN_INT_CONVERSION = YES;
				CLANG_WARN_NON_LITERAL_NULL_CONVERSION = YES;
				CLANG_WARN_OBJC_IMPLICIT_RETAIN_SELF = YES;
				CLANG_WARN_OBJC_LITERAL_CONVERSION = YES;
				CLANG_WARN_OBJC_ROOT_CLASS = YES_ERROR;
				CLANG_WARN_QUOTED_INCLUDE_IN_FRAMEWORK_HEADER = YES;
				CLANG_WARN_RANGE_LOOP_ANALYSIS = YES;
				CLANG_WARN_STRICT_PROTOTYPES = YES;
				CLANG_WARN_SUSPICIOUS_MOVE = YES;
				CLANG_WARN_UNGUARDED_AVAILABILITY = YES_AGGRESSIVE;
				CLANG_WARN_UNREACHABLE_CODE = YES;
				CLANG_WARN__DUPLICATE_METHOD_MATCH = YES;
				COPY_PHASE_STRIP = NO;
				DEBUG_INFORMATION_FORMAT = "dwarf-with-dsym";
				ENABLE_NS_ASSERTIONS = NO;
				ENABLE_STRICT_OBJC_MSGSEND = YES;
				ENABLE_USER_SCRIPT_SANDBOXING = YES;
				GCC_C_LANGUAGE_STANDARD = gnu17;
				GCC_NO_COMMON_BLOCKS = YES;
				GCC_WARN_64_TO_32_BIT_CONVERSION = YES;
				GCC_WARN_ABOUT_RETURN_TYPE = YES_ERROR;
				GCC_WARN_UNDECLARED_SELECTOR = YES;
				GCC_WARN_UNINITIALIZED_AUTOS = YES_AGGRESSIVE;
				GCC_WARN_UNUSED_FUNCTION = YES;
				GCC_WARN_UNUSED_VARIABLE = YES;
				IPHONEOS_DEPLOYMENT_TARGET = 17.0;
				LOCALIZATION_PREFERS_STRING_CATALOGS = YES;
				MTL_ENABLE_DEBUG_INFO = NO;
				MTL_FAST_MATH = YES;
				SDKROOT = iphoneos;
				SWIFT_COMPILATION_MODE = wholemodule;
				VALIDATE_PRODUCT = YES;
			};
			name = Release;
		};
		F6BA6E302AE0029600290016 /* Debug */ = {
			isa = XCBuildConfiguration;
			buildSettings = {
				ASSETCATALOG_COMPILER_APPICON_NAME = AppIcon;
				ASSETCATALOG_COMPILER_GLOBAL_ACCENT_COLOR_NAME = AccentColor;
				CODE_SIGN_STYLE = Automatic;
				CURRENT_PROJECT_VERSION = 1;
				DEVELOPMENT_ASSET_PATHS = "\"Drake/Preview Content\"";
				ENABLE_PREVIEWS = YES;
				GENERATE_INFOPLIST_FILE = YES;
				INFOPLIST_KEY_UIApplicationSceneManifest_Generation = YES;
				INFOPLIST_KEY_UIApplicationSupportsIndirectInputEvents = YES;
				INFOPLIST_KEY_UILaunchScreen_Generation = YES;
				INFOPLIST_KEY_UISupportedInterfaceOrientations_iPad = "UIInterfaceOrientationPortrait UIInterfaceOrientationPortraitUpsideDown UIInterfaceOrientationLandscapeLeft UIInterfaceOrientationLandscapeRight";
				INFOPLIST_KEY_UISupportedInterfaceOrientations_iPhone = "UIInterfaceOrientationPortrait UIInterfaceOrientationLandscapeLeft UIInterfaceOrientationLandscapeRight";
				LD_RUNPATH_SEARCH_PATHS = (
					"$(inherited)",
					"@executable_path/Frameworks",
				);
				MARKETING_VERSION = 1.0;
				PRODUCT_BUNDLE_IDENTIFIER = PWR.Drake;
				PRODUCT_NAME = "$(TARGET_NAME)";
				SWIFT_EMIT_LOC_STRINGS = YES;
				SWIFT_VERSION = 5.0;
				TARGETED_DEVICE_FAMILY = "1,2";
			};
			name = Debug;
		};
		F6BA6E312AE0029600290016 /* Release */ = {
			isa = XCBuildConfiguration;
			buildSettings = {
				ASSETCATALOG_COMPILER_APPICON_NAME = AppIcon;
				ASSETCATALOG_COMPILER_GLOBAL_ACCENT_COLOR_NAME = AccentColor;
				CODE_SIGN_STYLE = Automatic;
				CURRENT_PROJECT_VERSION = 1;
				DEVELOPMENT_ASSET_PATHS = "\"Drake/Preview Content\"";
				ENABLE_PREVIEWS = YES;
				GENERATE_INFOPLIST_FILE = YES;
				INFOPLIST_KEY_UIApplicationSceneManifest_Generation = YES;
				INFOPLIST_KEY_UIApplicationSupportsIndirectInputEvents = YES;
				INFOPLIST_KEY_UILaunchScreen_Generation = YES;
				INFOPLIST_KEY_UISupportedInterfaceOrientations_iPad = "UIInterfaceOrientationPortrait UIInterfaceOrientationPortraitUpsideDown UIInterfaceOrientationLandscapeLeft UIInterfaceOrientationLandscapeRight";
				INFOPLIST_KEY_UISupportedInterfaceOrientations_iPhone = "UIInterfaceOrientationPortrait UIInterfaceOrientationLandscapeLeft UIInterfaceOrientationLandscapeRight";
				LD_RUNPATH_SEARCH_PATHS = (
					"$(inherited)",
					"@executable_path/Frameworks",
				);
				MARKETING_VERSION = 1.0;
				PRODUCT_BUNDLE_IDENTIFIER = PWR.Drake;
				PRODUCT_NAME = "$(TARGET_NAME)";
				SWIFT_EMIT_LOC_STRINGS = YES;
				SWIFT_VERSION = 5.0;
				TARGETED_DEVICE_FAMILY = "1,2";
			};
			name = Release;
		};
/* End XCBuildConfiguration section */

/* Begin XCConfigurationList section */
		F6BA6E1C2AE0029400290016 /* Build configuration list for PBXProject "Drake" */ = {
			isa = XCConfigurationList;
			buildConfigurations = (
				F6BA6E2D2AE0029600290016 /* Debug */,
				F6BA6E2E2AE0029600290016 /* Release */,
			);
			defaultConfigurationIsVisible = 0;
			defaultConfigurationName = Release;
		};
		F6BA6E2F2AE0029600290016 /* Build configuration list for PBXNativeTarget "Drake" */ = {
			isa = XCConfigurationList;
			buildConfigurations = (
				F6BA6E302AE0029600290016 /* Debug */,
				F6BA6E312AE0029600290016 /* Release */,
			);
			defaultConfigurationIsVisible = 0;
			defaultConfigurationName = Release;
		};
/* End XCConfigurationList section */

/* Begin XCVersionGroup section */
		F6F1A5C42B45C088002EB55F /* DataModel.xcdatamodeld */ = {
			isa = XCVersionGroup;
			children = (
				F6F1A5C52B45C088002EB55F /* DataModel.xcdatamodel */,
			);
			currentVersion = F6F1A5C52B45C088002EB55F /* DataModel.xcdatamodel */;
			path = DataModel.xcdatamodeld;
			sourceTree = "<group>";
			versionGroupType = wrapper.xcdatamodel;
		};
/* End XCVersionGroup section */
	};
	rootObject = F6BA6E192AE0029400290016 /* Project object */;
}
